
Microsoft Visual Studio Solution File, Format Version 12.00
# Visual Studio Version 17
VisualStudioVersion = 17.5.002.0
MinimumVisualStudioVersion = 10.0.40219.1
Project("{9A19103F-16F7-4668-BE54-9A1E7A4F7556}") = "10. Model Mapping", "10. Model Mapping.csproj", "{299C3F11-6372-467B-AB95-307F7286008E}"
EndProject
Global
	GlobalSection(SolutionConfigurationPlatforms) = preSolution
		Debug|Any CPU = Debug|Any CPU
		Release|Any CPU = Release|Any CPU
	EndGlobalSection
	GlobalSection(ProjectConfigurationPlatforms) = postSolution
		{299C3F11-6372-467B-AB95-307F7286008E}.Debug|Any CPU.ActiveCfg = Debug|Any CPU
		{299C3F11-6372-467B-AB95-307F7286008E}.Debug|Any CPU.Build.0 = Debug|Any CPU
		{299C3F11-6372-467B-AB95-307F7286008E}.Release|Any CPU.ActiveCfg = Release|Any CPU
		{299C3F11-6372-467B-AB95-307F7286008E}.Release|Any CPU.Build.0 = Release|Any CPU
	EndGlobalSection
	GlobalSection(SolutionProperties) = preSolution
		HideSolutionNode = FALSE
	EndGlobalSection
	GlobalSection(ExtensibilityGlobals) = postSolution
		SolutionGuid = {1DDAA711-5104-4150-BC2E-BD086BB9F120}
	EndGlobalSection
EndGlobal
