
Microsoft Visual Studio Solution File, Format Version 12.00
# Visual Studio Version 17
VisualStudioVersion = 17.5.002.0
MinimumVisualStudioVersion = 10.0.40219.1
Project("{9A19103F-16F7-4668-BE54-9A1E7A4F7556}") = "06. Entity Framework", "06. Entity Framework.csproj", "{772979F8-FFA8-4FE6-8355-3B46E75A2345}"
EndProject
Global
	GlobalSection(SolutionConfigurationPlatforms) = preSolution
		Debug|Any CPU = Debug|Any CPU
		Release|Any CPU = Release|Any CPU
	EndGlobalSection
	GlobalSection(ProjectConfigurationPlatforms) = postSolution
		{772979F8-FFA8-4FE6-8355-3B46E75A2345}.Debug|Any CPU.ActiveCfg = Debug|Any CPU
		{772979F8-FFA8-4FE6-8355-3B46E75A2345}.Debug|Any CPU.Build.0 = Debug|Any CPU
		{772979F8-FFA8-4FE6-8355-3B46E75A2345}.Release|Any CPU.ActiveCfg = Release|Any CPU
		{772979F8-FFA8-4FE6-8355-3B46E75A2345}.Release|Any CPU.Build.0 = Release|Any CPU
	EndGlobalSection
	GlobalSection(SolutionProperties) = preSolution
		HideSolutionNode = FALSE
	EndGlobalSection
	GlobalSection(ExtensibilityGlobals) = postSolution
		SolutionGuid = {1A1D59E5-FC0D-48C1-9C66-B517DF6DCE5A}
	EndGlobalSection
EndGlobal
