
Microsoft Visual Studio Solution File, Format Version 12.00
# Visual Studio Version 17
VisualStudioVersion = 17.5.002.0
MinimumVisualStudioVersion = 10.0.40219.1
Project("{9A19103F-16F7-4668-BE54-9A1E7A4F7556}") = "07. Config", "07. Config.csproj", "{59CBA5FB-3394-4237-A251-1FA8D1E270FE}"
EndProject
Global
	GlobalSection(SolutionConfigurationPlatforms) = preSolution
		Debug|Any CPU = Debug|Any CPU
		Release|Any CPU = Release|Any CPU
	EndGlobalSection
	GlobalSection(ProjectConfigurationPlatforms) = postSolution
		{59CBA5FB-3394-4237-A251-1FA8D1E270FE}.Debug|Any CPU.ActiveCfg = Debug|Any CPU
		{59CBA5FB-3394-4237-A251-1FA8D1E270FE}.Debug|Any CPU.Build.0 = Debug|Any CPU
		{59CBA5FB-3394-4237-A251-1FA8D1E270FE}.Release|Any CPU.ActiveCfg = Release|Any CPU
		{59CBA5FB-3394-4237-A251-1FA8D1E270FE}.Release|Any CPU.Build.0 = Release|Any CPU
	EndGlobalSection
	GlobalSection(SolutionProperties) = preSolution
		HideSolutionNode = FALSE
	EndGlobalSection
	GlobalSection(ExtensibilityGlobals) = postSolution
		SolutionGuid = {46026A24-44E1-467F-A372-C17BA6E9175B}
	EndGlobalSection
EndGlobal
