
Microsoft Visual Studio Solution File, Format Version 12.00
# Visual Studio Version 17
VisualStudioVersion = 17.5.002.0
MinimumVisualStudioVersion = 10.0.40219.1
Project("{9A19103F-16F7-4668-BE54-9A1E7A4F7556}") = "12. Async Methods", "12. Async Methods.csproj", "{D9E34D83-B280-4109-9B58-F7FF2C172324}"
EndProject
Global
	GlobalSection(SolutionConfigurationPlatforms) = preSolution
		Debug|Any CPU = Debug|Any CPU
		Release|Any CPU = Release|Any CPU
	EndGlobalSection
	GlobalSection(ProjectConfigurationPlatforms) = postSolution
		{D9E34D83-B280-4109-9B58-F7FF2C172324}.Debug|Any CPU.ActiveCfg = Debug|Any CPU
		{D9E34D83-B280-4109-9B58-F7FF2C172324}.Debug|Any CPU.Build.0 = Debug|Any CPU
		{D9E34D83-B280-4109-9B58-F7FF2C172324}.Release|Any CPU.ActiveCfg = Release|Any CPU
		{D9E34D83-B280-4109-9B58-F7FF2C172324}.Release|Any CPU.Build.0 = Release|Any CPU
	EndGlobalSection
	GlobalSection(SolutionProperties) = preSolution
		HideSolutionNode = FALSE
	EndGlobalSection
	GlobalSection(ExtensibilityGlobals) = postSolution
		SolutionGuid = {C07D88CB-2174-44CA-BB3C-E2B528842316}
	EndGlobalSection
EndGlobal
